
Microsoft Visual Studio Solution File, Format Version 12.00
# Visual Studio 2013
VisualStudioVersion = 12.0.31101.0
MinimumVisualStudioVersion = 10.0.40219.1
Project("{FAE04EC0-301F-11D3-BF4B-00C04F79EFBC}") = "SportStore.WebUI", "SportStore.WebUI\SportStore.WebUI.csproj", "{77872232-375B-4DD5-97FE-8BB156EC665C}"
EndProject
Project("{FAE04EC0-301F-11D3-BF4B-00C04F79EFBC}") = "SportStore.Domain", "SportStore.Domain\SportStore.Domain.csproj", "{ACC4579C-98FB-4106-9150-73C504960A51}"
EndProject
Project("{FAE04EC0-301F-11D3-BF4B-00C04F79EFBC}") = "SportStore.UnitTests", "SportStore.UnitTests\SportStore.UnitTests.csproj", "{BACA1523-EFC0-477D-A5CD-F5D043580512}"
EndProject
Global
	GlobalSection(SolutionConfigurationPlatforms) = preSolution
		Debug|Any CPU = Debug|Any CPU
		Release|Any CPU = Release|Any CPU
	EndGlobalSection
	GlobalSection(ProjectConfigurationPlatforms) = postSolution
		{77872232-375B-4DD5-97FE-8BB156EC665C}.Debug|Any CPU.ActiveCfg = Debug|Any CPU
		{77872232-375B-4DD5-97FE-8BB156EC665C}.Debug|Any CPU.Build.0 = Debug|Any CPU
		{77872232-375B-4DD5-97FE-8BB156EC665C}.Release|Any CPU.ActiveCfg = Release|Any CPU
		{77872232-375B-4DD5-97FE-8BB156EC665C}.Release|Any CPU.Build.0 = Release|Any CPU
		{ACC4579C-98FB-4106-9150-73C504960A51}.Debug|Any CPU.ActiveCfg = Debug|Any CPU
		{ACC4579C-98FB-4106-9150-73C504960A51}.Debug|Any CPU.Build.0 = Debug|Any CPU
		{ACC4579C-98FB-4106-9150-73C504960A51}.Release|Any CPU.ActiveCfg = Release|Any CPU
		{ACC4579C-98FB-4106-9150-73C504960A51}.Release|Any CPU.Build.0 = Release|Any CPU
		{BACA1523-EFC0-477D-A5CD-F5D043580512}.Debug|Any CPU.ActiveCfg = Debug|Any CPU
		{BACA1523-EFC0-477D-A5CD-F5D043580512}.Debug|Any CPU.Build.0 = Debug|Any CPU
		{BACA1523-EFC0-477D-A5CD-F5D043580512}.Release|Any CPU.ActiveCfg = Release|Any CPU
		{BACA1523-EFC0-477D-A5CD-F5D043580512}.Release|Any CPU.Build.0 = Release|Any CPU
	EndGlobalSection
	GlobalSection(SolutionProperties) = preSolution
		HideSolutionNode = FALSE
	EndGlobalSection
EndGlobal
